{
  "lockfile-version": 1,
  "manifest": {
    "version": 1,
    "install": {
      "_1password": {
        "pkg-path": "_1password",
        "version": "2.30.3"
      },
      "bun": {
        "pkg-path": "bun",
        "version": "1.1.42"
      },
      "nodejs": {
        "pkg-path": "nodejs",
        "version": "22.11.0"
      },
      "pnpm": {
        "pkg-path": "pnpm",
        "version": "9.15.3"
      }
    },
    "hook": {
      "on-activate": "  echo \"🧼 Cleaning workspace...\"\n  shopt -s globstar # enable recursive globbing\n  rm -rf **/.next **/.turbo **/dist **/node_modules\n\n  echo -e \"\\n🔑 Setting npm token for private registry...\"\n  export NPM_TOKEN_DEEPDISH_CLOUD=$(op read \"op://shared/npm tokens/NPM_TOKEN_DEEPDISH_CLOUD\")\n\n  echo -e \"\\n📦 Installing dependencies...\"\n  pnpm install --frozen-lockfile\n\n  echo -e \"\\n🚀 Development Commands\"\n  echo -e \"- Run all tasks\\t\\t\\033[34mpnpm dev\\033[0m\"\n  echo -e \"- Start demo app\\t\\033[34mpnpm dev:demo\\033[0m\"\n  echo -e \"- Start marketing app\\t\\033[34mpnpm dev:marketing\\033[0m\"\n\n  export NODE_EXTRA_CA_CERTS=/etc/ssl/certs/flox-ca-bundle.crt\n"
    },
    "options": {
      "systems": [
        "aarch64-darwin",
        "aarch64-linux",
        "x86_64-darwin",
        "x86_64-linux"
      ]
    }
  },
  "packages": [
    {
      "attr_path": "_1password",
      "broken": false,
      "derivation": "/nix/store/vj5pg7bdfvi4m8x4rkp1k4xr1nrpdjvv-1password-cli-2.30.3.drv",
      "description": "1Password command-line tool",
      "install_id": "_1password",
      "license": "Unfree",
      "locked_url": "https://github.com/flox/nixpkgs?rev=130595eba61081acde9001f43de3248d8888ac4a",
      "name": "1password-cli-2.30.3",
      "pname": "_1password",
      "rev": "130595eba61081acde9001f43de3248d8888ac4a",
      "rev_count": 736170,
      "rev_date": "2025-01-10T15:43:18Z",
      "scrape_date": "2025-01-13T03:35:32Z",
      "stabilities": [
        "unstable"
      ],
      "unfree": true,
      "version": "2.30.3",
      "outputs_to_install": [
        "out"
      ],
      "outputs": {
        "out": "/nix/store/311ibgh3b8zrmmqdjhnxmpm8bm9xmvfc-1password-cli-2.30.3"
      },
      "system": "aarch64-darwin",
      "group": "toplevel",
      "priority": 5
    },
    {
      "attr_path": "_1password",
      "broken": false,
      "derivation": "/nix/store/5mif8k3aznqj3ybwr8bx2fb64k82ndi8-1password-cli-2.30.3.drv",
      "description": "1Password command-line tool",
      "install_id": "_1password",
      "license": "Unfree",
      "locked_url": "https://github.com/flox/nixpkgs?rev=130595eba61081acde9001f43de3248d8888ac4a",
      "name": "1password-cli-2.30.3",
      "pname": "_1password",
      "rev": "130595eba61081acde9001f43de3248d8888ac4a",
      "rev_count": 736170,
      "rev_date": "2025-01-10T15:43:18Z",
      "scrape_date": "2025-01-13T03:35:32Z",
      "stabilities": [
        "unstable"
      ],
      "unfree": true,
      "version": "2.30.3",
      "outputs_to_install": [
        "out"
      ],
      "outputs": {
        "out": "/nix/store/0kfw7wfj6x9swrnrm1d90mkmgbg525wf-1password-cli-2.30.3"
      },
      "system": "aarch64-linux",
      "group": "toplevel",
      "priority": 5
    },
    {
      "attr_path": "_1password",
      "broken": false,
      "derivation": "/nix/store/xjhfvd3dd2lspxmh5vrm1if562ivalih-1password-cli-2.30.3.drv",
      "description": "1Password command-line tool",
      "install_id": "_1password",
      "license": "Unfree",
      "locked_url": "https://github.com/flox/nixpkgs?rev=130595eba61081acde9001f43de3248d8888ac4a",
      "name": "1password-cli-2.30.3",
      "pname": "_1password",
      "rev": "130595eba61081acde9001f43de3248d8888ac4a",
      "rev_count": 736170,
      "rev_date": "2025-01-10T15:43:18Z",
      "scrape_date": "2025-01-13T03:35:32Z",
      "stabilities": [
        "unstable"
      ],
      "unfree": true,
      "version": "2.30.3",
      "outputs_to_install": [
        "out"
      ],
      "outputs": {
        "out": "/nix/store/4yr9dcl6rqnf4hfq9id9llnrwnbxa8p7-1password-cli-2.30.3"
      },
      "system": "x86_64-darwin",
      "group": "toplevel",
      "priority": 5
    },
    {
      "attr_path": "_1password",
      "broken": false,
      "derivation": "/nix/store/1iq081xyjkbc78czx88p4hfsqsgmh2vs-1password-cli-2.30.3.drv",
      "description": "1Password command-line tool",
      "install_id": "_1password",
      "license": "Unfree",
      "locked_url": "https://github.com/flox/nixpkgs?rev=130595eba61081acde9001f43de3248d8888ac4a",
      "name": "1password-cli-2.30.3",
      "pname": "_1password",
      "rev": "130595eba61081acde9001f43de3248d8888ac4a",
      "rev_count": 736170,
      "rev_date": "2025-01-10T15:43:18Z",
      "scrape_date": "2025-01-13T03:35:32Z",
      "stabilities": [
        "unstable"
      ],
      "unfree": true,
      "version": "2.30.3",
      "outputs_to_install": [
        "out"
      ],
      "outputs": {
        "out": "/nix/store/l2fncs935nlzys9fx8hrbs6kg71402jj-1password-cli-2.30.3"
      },
      "system": "x86_64-linux",
      "group": "toplevel",
      "priority": 5
    },
    {
      "attr_path": "bun",
      "broken": false,
      "derivation": "/nix/store/0k41x36pkcaf28xilii9xdd8jr0a692k-bun-1.1.42.drv",
      "description": "Incredibly fast JavaScript runtime, bundler, transpiler and package manager – all in one",
      "install_id": "bun",
      "license": "[ MIT, LGPL-2.1-only ]",
      "locked_url": "https://github.com/flox/nixpkgs?rev=130595eba61081acde9001f43de3248d8888ac4a",
      "name": "bun-1.1.42",
      "pname": "bun",
      "rev": "130595eba61081acde9001f43de3248d8888ac4a",
      "rev_count": 736170,
      "rev_date": "2025-01-10T15:43:18Z",
      "scrape_date": "2025-01-13T03:35:32Z",
      "stabilities": [
        "unstable"
      ],
      "unfree": false,
      "version": "1.1.42",
      "outputs_to_install": [
        "out"
      ],
      "outputs": {
        "out": "/nix/store/5c73vw31nbji92hggrgjnfi33wzhbxk3-bun-1.1.42"
      },
      "system": "aarch64-darwin",
      "group": "toplevel",
      "priority": 5
    },
    {
      "attr_path": "bun",
      "broken": false,
      "derivation": "/nix/store/niz4rjw2bhlqixyh1skih3v2z9wz67sq-bun-1.1.42.drv",
      "description": "Incredibly fast JavaScript runtime, bundler, transpiler and package manager – all in one",
      "install_id": "bun",
      "license": "[ MIT, LGPL-2.1-only ]",
      "locked_url": "https://github.com/flox/nixpkgs?rev=130595eba61081acde9001f43de3248d8888ac4a",
      "name": "bun-1.1.42",
      "pname": "bun",
      "rev": "130595eba61081acde9001f43de3248d8888ac4a",
      "rev_count": 736170,
      "rev_date": "2025-01-10T15:43:18Z",
      "scrape_date": "2025-01-13T03:35:32Z",
      "stabilities": [
        "unstable"
      ],
      "unfree": false,
      "version": "1.1.42",
      "outputs_to_install": [
        "out"
      ],
      "outputs": {
        "out": "/nix/store/shm69afh0zrm5r0gkpkj9l0z8l6vkpmr-bun-1.1.42"
      },
      "system": "aarch64-linux",
      "group": "toplevel",
      "priority": 5
    },
    {
      "attr_path": "bun",
      "broken": false,
      "derivation": "/nix/store/gwdbmr0ynydwiz06zmh1iig2r2lhdxcl-bun-1.1.42.drv",
      "description": "Incredibly fast JavaScript runtime, bundler, transpiler and package manager – all in one",
      "install_id": "bun",
      "license": "[ MIT, LGPL-2.1-only ]",
      "locked_url": "https://github.com/flox/nixpkgs?rev=130595eba61081acde9001f43de3248d8888ac4a",
      "name": "bun-1.1.42",
      "pname": "bun",
      "rev": "130595eba61081acde9001f43de3248d8888ac4a",
      "rev_count": 736170,
      "rev_date": "2025-01-10T15:43:18Z",
      "scrape_date": "2025-01-13T03:35:32Z",
      "stabilities": [
        "unstable"
      ],
      "unfree": false,
      "version": "1.1.42",
      "outputs_to_install": [
        "out"
      ],
      "outputs": {
        "out": "/nix/store/70nzsdr814rka1b3qaxz8b4hfk8r6wi9-bun-1.1.42"
      },
      "system": "x86_64-darwin",
      "group": "toplevel",
      "priority": 5
    },
    {
      "attr_path": "bun",
      "broken": false,
      "derivation": "/nix/store/36dn5lqz7alw8yiv3w1pq6p08hzi29ac-bun-1.1.42.drv",
      "description": "Incredibly fast JavaScript runtime, bundler, transpiler and package manager – all in one",
      "install_id": "bun",
      "license": "[ MIT, LGPL-2.1-only ]",
      "locked_url": "https://github.com/flox/nixpkgs?rev=130595eba61081acde9001f43de3248d8888ac4a",
      "name": "bun-1.1.42",
      "pname": "bun",
      "rev": "130595eba61081acde9001f43de3248d8888ac4a",
      "rev_count": 736170,
      "rev_date": "2025-01-10T15:43:18Z",
      "scrape_date": "2025-01-13T03:35:32Z",
      "stabilities": [
        "unstable"
      ],
      "unfree": false,
      "version": "1.1.42",
      "outputs_to_install": [
        "out"
      ],
      "outputs": {
        "out": "/nix/store/ws04zldxbkg26d4qkwyr4km1zd26mach-bun-1.1.42"
      },
      "system": "x86_64-linux",
      "group": "toplevel",
      "priority": 5
    },
    {
      "attr_path": "nodejs",
      "broken": false,
      "derivation": "/nix/store/zh4vzz8z4g7k2p0iqpi8dfz6kgpxkgb1-nodejs-22.11.0.drv",
      "description": "Event-driven I/O framework for the V8 JavaScript engine",
      "install_id": "nodejs",
      "license": "MIT",
      "locked_url": "https://github.com/flox/nixpkgs?rev=130595eba61081acde9001f43de3248d8888ac4a",
      "name": "nodejs-22.11.0",
      "pname": "nodejs",
      "rev": "130595eba61081acde9001f43de3248d8888ac4a",
      "rev_count": 736170,
      "rev_date": "2025-01-10T15:43:18Z",
      "scrape_date": "2025-01-13T03:35:32Z",
      "stabilities": [
        "unstable"
      ],
      "unfree": false,
      "version": "22.11.0",
      "outputs_to_install": [
        "out"
      ],
      "outputs": {
        "libv8": "/nix/store/m3rxxwm6jp95kjmh4rklqn0d76biz6wm-nodejs-22.11.0-libv8",
        "out": "/nix/store/9vkabbbbyfn8hv5l1r8fm59d27imq460-nodejs-22.11.0"
      },
      "system": "aarch64-darwin",
      "group": "toplevel",
      "priority": 5
    },
    {
      "attr_path": "nodejs",
      "broken": false,
      "derivation": "/nix/store/q23y2j34i9ydidrllrm4gj857hqhvda1-nodejs-22.11.0.drv",
      "description": "Event-driven I/O framework for the V8 JavaScript engine",
      "install_id": "nodejs",
      "license": "MIT",
      "locked_url": "https://github.com/flox/nixpkgs?rev=130595eba61081acde9001f43de3248d8888ac4a",
      "name": "nodejs-22.11.0",
      "pname": "nodejs",
      "rev": "130595eba61081acde9001f43de3248d8888ac4a",
      "rev_count": 736170,
      "rev_date": "2025-01-10T15:43:18Z",
      "scrape_date": "2025-01-13T03:35:32Z",
      "stabilities": [
        "unstable"
      ],
      "unfree": false,
      "version": "22.11.0",
      "outputs_to_install": [
        "out"
      ],
      "outputs": {
        "libv8": "/nix/store/0xiwppqyszilzy9cg71c26fxg5qcxh89-nodejs-22.11.0-libv8",
        "out": "/nix/store/z2lznj5fq0wagkhj7nkgmb5yr4gyv0ws-nodejs-22.11.0"
      },
      "system": "aarch64-linux",
      "group": "toplevel",
      "priority": 5
    },
    {
      "attr_path": "nodejs",
      "broken": false,
      "derivation": "/nix/store/vzxxfv1f1i83bnjib0q144v5gndhci33-nodejs-22.11.0.drv",
      "description": "Event-driven I/O framework for the V8 JavaScript engine",
      "install_id": "nodejs",
      "license": "MIT",
      "locked_url": "https://github.com/flox/nixpkgs?rev=130595eba61081acde9001f43de3248d8888ac4a",
      "name": "nodejs-22.11.0",
      "pname": "nodejs",
      "rev": "130595eba61081acde9001f43de3248d8888ac4a",
      "rev_count": 736170,
      "rev_date": "2025-01-10T15:43:18Z",
      "scrape_date": "2025-01-13T03:35:32Z",
      "stabilities": [
        "unstable"
      ],
      "unfree": false,
      "version": "22.11.0",
      "outputs_to_install": [
        "out"
      ],
      "outputs": {
        "libv8": "/nix/store/mm87n14lp5akdjlfwh1yg4l93zm8gv9h-nodejs-22.11.0-libv8",
        "out": "/nix/store/s81s2z275wnjazk4ij3zvn6kslfa5ipf-nodejs-22.11.0"
      },
      "system": "x86_64-darwin",
      "group": "toplevel",
      "priority": 5
    },
    {
      "attr_path": "nodejs",
      "broken": false,
      "derivation": "/nix/store/542jkp10xz0nd5657bqksqwhhvjcmi9n-nodejs-22.11.0.drv",
      "description": "Event-driven I/O framework for the V8 JavaScript engine",
      "install_id": "nodejs",
      "license": "MIT",
      "locked_url": "https://github.com/flox/nixpkgs?rev=130595eba61081acde9001f43de3248d8888ac4a",
      "name": "nodejs-22.11.0",
      "pname": "nodejs",
      "rev": "130595eba61081acde9001f43de3248d8888ac4a",
      "rev_count": 736170,
      "rev_date": "2025-01-10T15:43:18Z",
      "scrape_date": "2025-01-13T03:35:32Z",
      "stabilities": [
        "unstable"
      ],
      "unfree": false,
      "version": "22.11.0",
      "outputs_to_install": [
        "out"
      ],
      "outputs": {
        "libv8": "/nix/store/fyaac3q8qn3zfxy72airfabm3dakmgf5-nodejs-22.11.0-libv8",
        "out": "/nix/store/fkyp1bm5gll9adnfcj92snyym524mdrj-nodejs-22.11.0"
      },
      "system": "x86_64-linux",
      "group": "toplevel",
      "priority": 5
    },
    {
      "attr_path": "pnpm",
      "broken": false,
      "derivation": "/nix/store/5f225cvd3l61g5fab2din4kvzfvja6hn-pnpm-9.15.3.drv",
      "description": "Fast, disk space efficient package manager for JavaScript",
      "install_id": "pnpm",
      "license": "MIT",
      "locked_url": "https://github.com/flox/nixpkgs?rev=130595eba61081acde9001f43de3248d8888ac4a",
      "name": "pnpm-9.15.3",
      "pname": "pnpm",
      "rev": "130595eba61081acde9001f43de3248d8888ac4a",
      "rev_count": 736170,
      "rev_date": "2025-01-10T15:43:18Z",
      "scrape_date": "2025-01-13T03:35:32Z",
      "stabilities": [
        "unstable"
      ],
      "unfree": false,
      "version": "9.15.3",
      "outputs_to_install": [
        "out"
      ],
      "outputs": {
        "out": "/nix/store/hhprmwazmgvxqff5zpra2bw0cb12f4sl-pnpm-9.15.3"
      },
      "system": "aarch64-darwin",
      "group": "toplevel",
      "priority": 5
    },
    {
      "attr_path": "pnpm",
      "broken": false,
      "derivation": "/nix/store/pp1sg4jkgfd9xdbjv1was4m3a5qvxil1-pnpm-9.15.3.drv",
      "description": "Fast, disk space efficient package manager for JavaScript",
      "install_id": "pnpm",
      "license": "MIT",
      "locked_url": "https://github.com/flox/nixpkgs?rev=130595eba61081acde9001f43de3248d8888ac4a",
      "name": "pnpm-9.15.3",
      "pname": "pnpm",
      "rev": "130595eba61081acde9001f43de3248d8888ac4a",
      "rev_count": 736170,
      "rev_date": "2025-01-10T15:43:18Z",
      "scrape_date": "2025-01-13T03:35:32Z",
      "stabilities": [
        "unstable"
      ],
      "unfree": false,
      "version": "9.15.3",
      "outputs_to_install": [
        "out"
      ],
      "outputs": {
        "out": "/nix/store/id6m5r3zip98l8g9lyvgwv8bvvnn99hq-pnpm-9.15.3"
      },
      "system": "aarch64-linux",
      "group": "toplevel",
      "priority": 5
    },
    {
      "attr_path": "pnpm",
      "broken": false,
      "derivation": "/nix/store/r2b75hhww5m8qdmd4yfyaa6izdahx1ap-pnpm-9.15.3.drv",
      "description": "Fast, disk space efficient package manager for JavaScript",
      "install_id": "pnpm",
      "license": "MIT",
      "locked_url": "https://github.com/flox/nixpkgs?rev=130595eba61081acde9001f43de3248d8888ac4a",
      "name": "pnpm-9.15.3",
      "pname": "pnpm",
      "rev": "130595eba61081acde9001f43de3248d8888ac4a",
      "rev_count": 736170,
      "rev_date": "2025-01-10T15:43:18Z",
      "scrape_date": "2025-01-13T03:35:32Z",
      "stabilities": [
        "unstable"
      ],
      "unfree": false,
      "version": "9.15.3",
      "outputs_to_install": [
        "out"
      ],
      "outputs": {
        "out": "/nix/store/4lsfbyj9fl5yf6ar3cfj7vngd5v7rvqg-pnpm-9.15.3"
      },
      "system": "x86_64-darwin",
      "group": "toplevel",
      "priority": 5
    },
    {
      "attr_path": "pnpm",
      "broken": false,
      "derivation": "/nix/store/5r97s3gjbbaazb423y3ccb31ap514q85-pnpm-9.15.3.drv",
      "description": "Fast, disk space efficient package manager for JavaScript",
      "install_id": "pnpm",
      "license": "MIT",
      "locked_url": "https://github.com/flox/nixpkgs?rev=130595eba61081acde9001f43de3248d8888ac4a",
      "name": "pnpm-9.15.3",
      "pname": "pnpm",
      "rev": "130595eba61081acde9001f43de3248d8888ac4a",
      "rev_count": 736170,
      "rev_date": "2025-01-10T15:43:18Z",
      "scrape_date": "2025-01-13T03:35:32Z",
      "stabilities": [
        "unstable"
      ],
      "unfree": false,
      "version": "9.15.3",
      "outputs_to_install": [
        "out"
      ],
      "outputs": {
        "out": "/nix/store/p7r1k66dzs1qpkas0jx5v20asih9y37q-pnpm-9.15.3"
      },
      "system": "x86_64-linux",
      "group": "toplevel",
      "priority": 5
    }
  ]
}